
Microsoft Visual Studio Solution File, Format Version 12.00
# Visual Studio Version 18
VisualStudioVersion = 18.2.11408.102
MinimumVisualStudioVersion = 10.0.40219.1
Project("{FAE04EC0-301F-11D3-BF4B-00C04F79EFBC}") = "ControleFuncionarios", "ControleFuncionarios\ControleFuncionarios.csproj", "{A256E8DD-8B5A-473D-98AF-E8792819EAD5}"
EndProject
Global
	GlobalSection(SolutionConfigurationPlatforms) = preSolution
		Debug|Any CPU = Debug|Any CPU
		Release|Any CPU = Release|Any CPU
	EndGlobalSection
	GlobalSection(ProjectConfigurationPlatforms) = postSolution
		{A256E8DD-8B5A-473D-98AF-E8792819EAD5}.Debug|Any CPU.ActiveCfg = Debug|Any CPU
		{A256E8DD-8B5A-473D-98AF-E8792819EAD5}.Debug|Any CPU.Build.0 = Debug|Any CPU
		{A256E8DD-8B5A-473D-98AF-E8792819EAD5}.Release|Any CPU.ActiveCfg = Release|Any CPU
		{A256E8DD-8B5A-473D-98AF-E8792819EAD5}.Release|Any CPU.Build.0 = Release|Any CPU
	EndGlobalSection
	GlobalSection(SolutionProperties) = preSolution
		HideSolutionNode = FALSE
	EndGlobalSection
	GlobalSection(ExtensibilityGlobals) = postSolution
		SolutionGuid = {44A5CCA1-1C8E-473E-9C4E-EDC832DD411A}
	EndGlobalSection
EndGlobal
